// !$*UTF8*$!
{
	archiveVersion = 1;
	classes = {
	};
	objectVersion = 50;
	objects = {

/* Begin PBXBuildFile section */
		2E52B94725D7E402008EB525 /* 95UniqueBinarySearchTreesII.swift in Sources */ = {isa = PBXBuildFile; fileRef = 2E52B94625D7E402008EB525 /* 95UniqueBinarySearchTreesII.swift */; };
		2E52B94D25D7E416008EB525 /* 95UniqueBinarySearchTreesIITests.swift in Sources */ = {isa = PBXBuildFile; fileRef = 2E52B94C25D7E416008EB525 /* 95UniqueBinarySearchTreesIITests.swift */; };
		2E52BDBB25DEA16A008EB525 /* 100SameTree.swift in Sources */ = {isa = PBXBuildFile; fileRef = 2E52BDBA25DEA16A008EB525 /* 100SameTree.swift */; };
		2E52BDBF25DEA17C008EB525 /* 100SameTreeTests.swift in Sources */ = {isa = PBXBuildFile; fileRef = 2E52BDBE25DEA17C008EB525 /* 100SameTreeTests.swift */; };
		2E5AD04425C834BE00F0D222 /* AppDelegate.swift in Sources */ = {isa = PBXBuildFile; fileRef = 2E5AD04325C834BE00F0D222 /* AppDelegate.swift */; };
		2E5AD04625C834BE00F0D222 /* SceneDelegate.swift in Sources */ = {isa = PBXBuildFile; fileRef = 2E5AD04525C834BE00F0D222 /* SceneDelegate.swift */; };
		2E5AD04825C834BE00F0D222 /* ViewController.swift in Sources */ = {isa = PBXBuildFile; fileRef = 2E5AD04725C834BE00F0D222 /* ViewController.swift */; };
		2E5AD04B25C834BF00F0D222 /* Main.storyboard in Resources */ = {isa = PBXBuildFile; fileRef = 2E5AD04925C834BE00F0D222 /* Main.storyboard */; };
		2E5AD04D25C834C000F0D222 /* Assets.xcassets in Resources */ = {isa = PBXBuildFile; fileRef = 2E5AD04C25C834C000F0D222 /* Assets.xcassets */; };
		2E5AD05025C834C000F0D222 /* LaunchScreen.storyboard in Resources */ = {isa = PBXBuildFile; fileRef = 2E5AD04E25C834C000F0D222 /* LaunchScreen.storyboard */; };
		2E5AD0A625C8359000F0D222 /* 94BinaryTreeInorderTraversal.swift in Sources */ = {isa = PBXBuildFile; fileRef = 2E5AD08025C8359000F0D222 /* 94BinaryTreeInorderTraversal.swift */; };
		2E5AD0A725C8359000F0D222 /* 13RomanToInteger.swift in Sources */ = {isa = PBXBuildFile; fileRef = 2E5AD08225C8359000F0D222 /* 13RomanToInteger.swift */; };
		2E5AD0A825C8359000F0D222 /* 19RemoveNthNodeFromEndOfList.swift in Sources */ = {isa = PBXBuildFile; fileRef = 2E5AD08325C8359000F0D222 /* 19RemoveNthNodeFromEndOfList.swift */; };
		2E5AD0A925C8359000F0D222 /* 17LetterCombinationsOfPhoneNumber.swift in Sources */ = {isa = PBXBuildFile; fileRef = 2E5AD08425C8359000F0D222 /* 17LetterCombinationsOfPhoneNumber.swift */; };
		2E5AD0AA25C8359000F0D222 /* 18FourSum.swift in Sources */ = {isa = PBXBuildFile; fileRef = 2E5AD08525C8359000F0D222 /* 18FourSum.swift */; };
		2E5AD0AB25C8359000F0D222 /* 15ThreeSum.swift in Sources */ = {isa = PBXBuildFile; fileRef = 2E5AD08625C8359000F0D222 /* 15ThreeSum.swift */; };
		2E5AD0AC25C8359000F0D222 /* 12IntegerToRoman.swift in Sources */ = {isa = PBXBuildFile; fileRef = 2E5AD08725C8359000F0D222 /* 12IntegerToRoman.swift */; };
		2E5AD0AD25C8359000F0D222 /* 14LongestCommonPrefix.swift in Sources */ = {isa = PBXBuildFile; fileRef = 2E5AD08825C8359000F0D222 /* 14LongestCommonPrefix.swift */; };
		2E5AD0AE25C8359000F0D222 /* 16ThreeSumClosest.swift in Sources */ = {isa = PBXBuildFile; fileRef = 2E5AD08925C8359000F0D222 /* 16ThreeSumClosest.swift */; };
		2E5AD0AF25C8359000F0D222 /* 11ContainerWithMostWater.swift in Sources */ = {isa = PBXBuildFile; fileRef = 2E5AD08A25C8359000F0D222 /* 11ContainerWithMostWater.swift */; };
		2E5AD0B025C8359000F0D222 /* 20ValidParentheses.swift in Sources */ = {isa = PBXBuildFile; fileRef = 2E5AD08B25C8359000F0D222 /* 20ValidParentheses.swift */; };
		2E5AD0B125C8359000F0D222 /* 30SubstringWithConcatenationOfAllWords.swift in Sources */ = {isa = PBXBuildFile; fileRef = 2E5AD08D25C8359000F0D222 /* 30SubstringWithConcatenationOfAllWords.swift */; };
		2E5AD0B225C8359000F0D222 /* 25ReverseNodesInKGroup.swift in Sources */ = {isa = PBXBuildFile; fileRef = 2E5AD08E25C8359000F0D222 /* 25ReverseNodesInKGroup.swift */; };
		2E5AD0B325C8359000F0D222 /* 27RemoveElement.swift in Sources */ = {isa = PBXBuildFile; fileRef = 2E5AD08F25C8359000F0D222 /* 27RemoveElement.swift */; };
		2E5AD0B425C8359000F0D222 /* 22GenerateParentheses.swift in Sources */ = {isa = PBXBuildFile; fileRef = 2E5AD09025C8359000F0D222 /* 22GenerateParentheses.swift */; };
		2E5AD0B525C8359000F0D222 /* 28Implement_strStr().swift in Sources */ = {isa = PBXBuildFile; fileRef = 2E5AD09125C8359000F0D222 /* 28Implement_strStr().swift */; };
		2E5AD0B625C8359000F0D222 /* 29DivideTwoIntegers.swift in Sources */ = {isa = PBXBuildFile; fileRef = 2E5AD09225C8359000F0D222 /* 29DivideTwoIntegers.swift */; };
		2E5AD0B725C8359000F0D222 /* 21MergeTwoSortedLists.swift in Sources */ = {isa = PBXBuildFile; fileRef = 2E5AD09325C8359000F0D222 /* 21MergeTwoSortedLists.swift */; };
		2E5AD0B825C8359000F0D222 /* 23MergeKSortedLists.swift in Sources */ = {isa = PBXBuildFile; fileRef = 2E5AD09425C8359000F0D222 /* 23MergeKSortedLists.swift */; };
		2E5AD0B925C8359000F0D222 /* 24SwapNodesInPairs.swift in Sources */ = {isa = PBXBuildFile; fileRef = 2E5AD09525C8359000F0D222 /* 24SwapNodesInPairs.swift */; };
		2E5AD0BA25C8359000F0D222 /* 26RemoveDuplicatesFromSortedArray.swift in Sources */ = {isa = PBXBuildFile; fileRef = 2E5AD09625C8359000F0D222 /* 26RemoveDuplicatesFromSortedArray.swift */; };
		2E5AD0BB25C8359000F0D222 /* 31NextPermutation.swift in Sources */ = {isa = PBXBuildFile; fileRef = 2E5AD09825C8359000F0D222 /* 31NextPermutation.swift */; };
		2E5AD0BC25C8359000F0D222 /* 3LengthOfLongestSubstring.swift in Sources */ = {isa = PBXBuildFile; fileRef = 2E5AD09A25C8359000F0D222 /* 3LengthOfLongestSubstring.swift */; };
		2E5AD0BD25C8359000F0D222 /* 6ZigZagConversion.swift in Sources */ = {isa = PBXBuildFile; fileRef = 2E5AD09B25C8359000F0D222 /* 6ZigZagConversion.swift */; };
		2E5AD0BE25C8359000F0D222 /* 4FindMedianSortedArrays.swift in Sources */ = {isa = PBXBuildFile; fileRef = 2E5AD09C25C8359000F0D222 /* 4FindMedianSortedArrays.swift */; };
		2E5AD0BF25C8359000F0D222 /* 2AddTwoNumbers.swift in Sources */ = {isa = PBXBuildFile; fileRef = 2E5AD09D25C8359000F0D222 /* 2AddTwoNumbers.swift */; };
		2E5AD0C025C8359000F0D222 /* 10RegularExpressionMatching.swift in Sources */ = {isa = PBXBuildFile; fileRef = 2E5AD09E25C8359000F0D222 /* 10RegularExpressionMatching.swift */; };
		2E5AD0C125C8359000F0D222 /* 9PalindromeNumber.swift in Sources */ = {isa = PBXBuildFile; fileRef = 2E5AD09F25C8359000F0D222 /* 9PalindromeNumber.swift */; };
		2E5AD0C225C8359000F0D222 /* 7ReverseInteger.swift in Sources */ = {isa = PBXBuildFile; fileRef = 2E5AD0A025C8359000F0D222 /* 7ReverseInteger.swift */; };
		2E5AD0C325C8359000F0D222 /* 1TwoSum.swift in Sources */ = {isa = PBXBuildFile; fileRef = 2E5AD0A125C8359000F0D222 /* 1TwoSum.swift */; };
		2E5AD0C425C8359000F0D222 /* 8StringToInteger(atoi).swift in Sources */ = {isa = PBXBuildFile; fileRef = 2E5AD0A225C8359000F0D222 /* 8StringToInteger(atoi).swift */; };
		2E5AD0C525C8359000F0D222 /* 5LongestPalindrome.swift in Sources */ = {isa = PBXBuildFile; fileRef = 2E5AD0A325C8359000F0D222 /* 5LongestPalindrome.swift */; };
		2E5AD0C625C8359000F0D222 /* 237DeleteNodeInALinkedList.swift in Sources */ = {isa = PBXBuildFile; fileRef = 2E5AD0A425C8359000F0D222 /* 237DeleteNodeInALinkedList.swift */; };
		2E5AD0C725C8359000F0D222 /* 206ReverseLinkedList.swift in Sources */ = {isa = PBXBuildFile; fileRef = 2E5AD0A525C8359000F0D222 /* 206ReverseLinkedList.swift */; };
		2E5AD0CF25C8359900F0D222 /* TreeNode.swift in Sources */ = {isa = PBXBuildFile; fileRef = 2E5AD0CC25C8359900F0D222 /* TreeNode.swift */; };
		2E5AD0D025C8359900F0D222 /* Base.swift in Sources */ = {isa = PBXBuildFile; fileRef = 2E5AD0CD25C8359900F0D222 /* Base.swift */; };
		2E5AD0D125C8359900F0D222 /* ListNode.swift in Sources */ = {isa = PBXBuildFile; fileRef = 2E5AD0CE25C8359900F0D222 /* ListNode.swift */; };
		2E5AD0FC25C835B700F0D222 /* 9PalindromeNumberTests.swift in Sources */ = {isa = PBXBuildFile; fileRef = 2E5AD0D725C835B700F0D222 /* 9PalindromeNumberTests.swift */; };
		2E5AD0FD25C835B700F0D222 /* 5LongestPalindromeTests.swift in Sources */ = {isa = PBXBuildFile; fileRef = 2E5AD0D825C835B700F0D222 /* 5LongestPalindromeTests.swift */; };
		2E5AD0FE25C835B700F0D222 /* 2AddTwoNumbersTests.swift in Sources */ = {isa = PBXBuildFile; fileRef = 2E5AD0D925C835B700F0D222 /* 2AddTwoNumbersTests.swift */; };
		2E5AD0FF25C835B700F0D222 /* 8StringToInteger(atoi)Tests.swift in Sources */ = {isa = PBXBuildFile; fileRef = 2E5AD0DA25C835B700F0D222 /* 8StringToInteger(atoi)Tests.swift */; };
		2E5AD10025C835B700F0D222 /* 6ZigZagConversionTests.swift in Sources */ = {isa = PBXBuildFile; fileRef = 2E5AD0DB25C835B700F0D222 /* 6ZigZagConversionTests.swift */; };
		2E5AD10125C835B700F0D222 /* 3LongestSubstringTests.swift in Sources */ = {isa = PBXBuildFile; fileRef = 2E5AD0DC25C835B700F0D222 /* 3LongestSubstringTests.swift */; };
		2E5AD10225C835B700F0D222 /* 7ReverseIntegerTests.swift in Sources */ = {isa = PBXBuildFile; fileRef = 2E5AD0DD25C835B700F0D222 /* 7ReverseIntegerTests.swift */; };
		2E5AD10325C835B700F0D222 /* 10RegularExpressionMatchingTests.swift in Sources */ = {isa = PBXBuildFile; fileRef = 2E5AD0DE25C835B700F0D222 /* 10RegularExpressionMatchingTests.swift */; };
		2E5AD10425C835B700F0D222 /* 1TwoSumTests.swift in Sources */ = {isa = PBXBuildFile; fileRef = 2E5AD0DF25C835B700F0D222 /* 1TwoSumTests.swift */; };
		2E5AD10525C835B700F0D222 /* 4FindMedianSortedArraysTests.swift in Sources */ = {isa = PBXBuildFile; fileRef = 2E5AD0E025C835B700F0D222 /* 4FindMedianSortedArraysTests.swift */; };
		2E5AD10625C835B700F0D222 /* 237DeleteNodeInALinkedListTests.swift in Sources */ = {isa = PBXBuildFile; fileRef = 2E5AD0E125C835B700F0D222 /* 237DeleteNodeInALinkedListTests.swift */; };
		2E5AD10725C835B700F0D222 /* 15ThreeSumTests.swift in Sources */ = {isa = PBXBuildFile; fileRef = 2E5AD0E325C835B700F0D222 /* 15ThreeSumTests.swift */; };
		2E5AD10825C835B700F0D222 /* 18FourSumTests.swift in Sources */ = {isa = PBXBuildFile; fileRef = 2E5AD0E425C835B700F0D222 /* 18FourSumTests.swift */; };
		2E5AD10925C835B700F0D222 /* 17LetterCombinationsOfPhoneNumberTests.swift in Sources */ = {isa = PBXBuildFile; fileRef = 2E5AD0E525C835B700F0D222 /* 17LetterCombinationsOfPhoneNumberTests.swift */; };
		2E5AD10A25C835B700F0D222 /* 13RomanToIntegerTests.swift in Sources */ = {isa = PBXBuildFile; fileRef = 2E5AD0E625C835B700F0D222 /* 13RomanToIntegerTests.swift */; };
		2E5AD10B25C835B700F0D222 /* 19RemoveNthNodeFromEndOfListTests.swift in Sources */ = {isa = PBXBuildFile; fileRef = 2E5AD0E725C835B700F0D222 /* 19RemoveNthNodeFromEndOfListTests.swift */; };
		2E5AD10C25C835B700F0D222 /* 14LongestCommonPrefixTests.swift in Sources */ = {isa = PBXBuildFile; fileRef = 2E5AD0E825C835B700F0D222 /* 14LongestCommonPrefixTests.swift */; };
		2E5AD10D25C835B700F0D222 /* 11ContainerWithMostWaterTests.swift in Sources */ = {isa = PBXBuildFile; fileRef = 2E5AD0E925C835B700F0D222 /* 11ContainerWithMostWaterTests.swift */; };
		2E5AD10E25C835B700F0D222 /* 20ValidParenthesesTests.swift in Sources */ = {isa = PBXBuildFile; fileRef = 2E5AD0EA25C835B700F0D222 /* 20ValidParenthesesTests.swift */; };
		2E5AD10F25C835B700F0D222 /* 12IntegerToRomanTests.swift in Sources */ = {isa = PBXBuildFile; fileRef = 2E5AD0EB25C835B700F0D222 /* 12IntegerToRomanTests.swift */; };
		2E5AD11025C835B700F0D222 /* 16ThreeSumClosestTests.swift in Sources */ = {isa = PBXBuildFile; fileRef = 2E5AD0EC25C835B700F0D222 /* 16ThreeSumClosestTests.swift */; };
		2E5AD11125C835B700F0D222 /* 206ReverseLinkedListTests.swift in Sources */ = {isa = PBXBuildFile; fileRef = 2E5AD0ED25C835B700F0D222 /* 206ReverseLinkedListTests.swift */; };
		2E5AD11225C835B700F0D222 /* 31NextPermutationTests.swift in Sources */ = {isa = PBXBuildFile; fileRef = 2E5AD0EF25C835B700F0D222 /* 31NextPermutationTests.swift */; };
		2E5AD11325C835B700F0D222 /* 94BinaryTreeInorderTraversalTests.swift in Sources */ = {isa = PBXBuildFile; fileRef = 2E5AD0F025C835B700F0D222 /* 94BinaryTreeInorderTraversalTests.swift */; };
		2E5AD11425C835B700F0D222 /* 27RemoveElementTests.swift in Sources */ = {isa = PBXBuildFile; fileRef = 2E5AD0F225C835B700F0D222 /* 27RemoveElementTests.swift */; };
		2E5AD11525C835B700F0D222 /* 26RemoveDuplicatesFromSortedArrayTests.swift in Sources */ = {isa = PBXBuildFile; fileRef = 2E5AD0F325C835B700F0D222 /* 26RemoveDuplicatesFromSortedArrayTests.swift */; };
		2E5AD11625C835B700F0D222 /* 29DivideTwoIntegersTests.swift in Sources */ = {isa = PBXBuildFile; fileRef = 2E5AD0F425C835B700F0D222 /* 29DivideTwoIntegersTests.swift */; };
		2E5AD11725C835B700F0D222 /* 28Implement_strStr()Tests.swift in Sources */ = {isa = PBXBuildFile; fileRef = 2E5AD0F525C835B700F0D222 /* 28Implement_strStr()Tests.swift */; };
		2E5AD11825C835B700F0D222 /* 24SwapNodesInPairsTests.swift in Sources */ = {isa = PBXBuildFile; fileRef = 2E5AD0F625C835B700F0D222 /* 24SwapNodesInPairsTests.swift */; };
		2E5AD11925C835B700F0D222 /* 22GenerateParenthesesTests.swift in Sources */ = {isa = PBXBuildFile; fileRef = 2E5AD0F725C835B700F0D222 /* 22GenerateParenthesesTests.swift */; };
		2E5AD11A25C835B700F0D222 /* 30SubstringWithConcatenationOfAllWordsTests.swift in Sources */ = {isa = PBXBuildFile; fileRef = 2E5AD0F825C835B700F0D222 /* 30SubstringWithConcatenationOfAllWordsTests.swift */; };
		2E5AD11B25C835B700F0D222 /* 25ReverseNodesInKGroupTests.swift in Sources */ = {isa = PBXBuildFile; fileRef = 2E5AD0F925C835B700F0D222 /* 25ReverseNodesInKGroupTests.swift */; };
		2E5AD11C25C835B700F0D222 /* 21MergeTwoSortedListsTests.swift in Sources */ = {isa = PBXBuildFile; fileRef = 2E5AD0FA25C835B700F0D222 /* 21MergeTwoSortedListsTests.swift */; };
		2E5AD11D25C835B700F0D222 /* 23MergeKSortedListsTests.swift in Sources */ = {isa = PBXBuildFile; fileRef = 2E5AD0FB25C835B700F0D222 /* 23MergeKSortedListsTests.swift */; };
		2E5AD13025C9842700F0D222 /* 102BinaryTreeLevelOrderTraversal.swift in Sources */ = {isa = PBXBuildFile; fileRef = 2E5AD12F25C9842700F0D222 /* 102BinaryTreeLevelOrderTraversal.swift */; };
		2E5AD13425C9843B00F0D222 /* 102BinaryTreeLevelOrderTraversalTests.swift in Sources */ = {isa = PBXBuildFile; fileRef = 2E5AD13325C9843B00F0D222 /* 102BinaryTreeLevelOrderTraversalTests.swift */; };
		2E5AD13A25C9846A00F0D222 /* README.md in Resources */ = {isa = PBXBuildFile; fileRef = 2E5AD13925C9846A00F0D222 /* README.md */; };
		2E5AD13E25C9994300F0D222 /* 144BinaryTreePreorderTraversal.swift in Sources */ = {isa = PBXBuildFile; fileRef = 2E5AD13D25C9994300F0D222 /* 144BinaryTreePreorderTraversal.swift */; };
		2E5AD14225C9995700F0D222 /* 144BinaryTreePreorderTraversalTests.swift in Sources */ = {isa = PBXBuildFile; fileRef = 2E5AD14125C9995700F0D222 /* 144BinaryTreePreorderTraversalTests.swift */; };
		2E5AD14825C99A8100F0D222 /* 145BinaryTreePostorderTraversal.swift in Sources */ = {isa = PBXBuildFile; fileRef = 2E5AD14725C99A8100F0D222 /* 145BinaryTreePostorderTraversal.swift */; };
		2E5AD14C25C99A9300F0D222 /* 145BinaryTreePostorderTraversalTests.swift in Sources */ = {isa = PBXBuildFile; fileRef = 2E5AD14B25C99A9300F0D222 /* 145BinaryTreePostorderTraversalTests.swift */; };
		2E5AD1AB25D3A21D00F0D222 /* 34FindFirstAndLastPositionInSortedArray.swift in Sources */ = {isa = PBXBuildFile; fileRef = 2E5AD1AA25D3A21D00F0D222 /* 34FindFirstAndLastPositionInSortedArray.swift */; };
		2E5AD1B125D3A24A00F0D222 /* 34FindFirstAndLastPositionInSortedArrayTests.swift in Sources */ = {isa = PBXBuildFile; fileRef = 2E5AD1B025D3A24A00F0D222 /* 34FindFirstAndLastPositionInSortedArrayTests.swift */; };
		2E5AD1B525D3F66800F0D222 /* 35SearchInsertPosition.swift in Sources */ = {isa = PBXBuildFile; fileRef = 2E5AD1B425D3F66800F0D222 /* 35SearchInsertPosition.swift */; };
		2E5AD1B925D3F67500F0D222 /* 35SearchInsertPositionTests.swift in Sources */ = {isa = PBXBuildFile; fileRef = 2E5AD1B825D3F67500F0D222 /* 35SearchInsertPositionTests.swift */; };
		2E5AD1BD25D4201000F0D222 /* 36ValidSudoku.swift in Sources */ = {isa = PBXBuildFile; fileRef = 2E5AD1BC25D4201000F0D222 /* 36ValidSudoku.swift */; };
		2E5AD1C125D4201D00F0D222 /* 36ValidSudokuTests.swift in Sources */ = {isa = PBXBuildFile; fileRef = 2E5AD1C025D4201D00F0D222 /* 36ValidSudokuTests.swift */; };
		2E5AD1C525D4E68500F0D222 /* 37SudokuSolver.swift in Sources */ = {isa = PBXBuildFile; fileRef = 2E5AD1C425D4E68500F0D222 /* 37SudokuSolver.swift */; };
		2E5AD1C925D4E69000F0D222 /* 37SudokuSolverTests.swift in Sources */ = {isa = PBXBuildFile; fileRef = 2E5AD1C825D4E69000F0D222 /* 37SudokuSolverTests.swift */; };
		2E61460025D0D78000A68510 /* 96UniqueBinarySearchTrees.swift in Sources */ = {isa = PBXBuildFile; fileRef = 2E6145FF25D0D78000A68510 /* 96UniqueBinarySearchTrees.swift */; };
		2E61460625D0D7AC00A68510 /* 96UniqueBinarySearchTreesTests.swift in Sources */ = {isa = PBXBuildFile; fileRef = 2E61460525D0D7AC00A68510 /* 96UniqueBinarySearchTreesTests.swift */; };
		2E61460C25D0F2E500A68510 /* 32LongestValidParentheses.swift in Sources */ = {isa = PBXBuildFile; fileRef = 2E61460B25D0F2E500A68510 /* 32LongestValidParentheses.swift */; };
		2E61461025D0F2F100A68510 /* 32LongestValidParenthesesTests.swift in Sources */ = {isa = PBXBuildFile; fileRef = 2E61460F25D0F2F100A68510 /* 32LongestValidParenthesesTests.swift */; };
		2E61DDF225D2757A0068C20D /* 33SearchInRotatedSortedArray.swift in Sources */ = {isa = PBXBuildFile; fileRef = 2E61DDF125D2757A0068C20D /* 33SearchInRotatedSortedArray.swift */; };
		2E61DDF625D275870068C20D /* 33SearchInRotatedSortedArrayTests.swift in Sources */ = {isa = PBXBuildFile; fileRef = 2E61DDF525D275870068C20D /* 33SearchInRotatedSortedArrayTests.swift */; };
		2E62C8C725DE3F3100A9C34C /* 98ValidateBinarySearchTree.swift in Sources */ = {isa = PBXBuildFile; fileRef = 2E62C8C625DE3F3100A9C34C /* 98ValidateBinarySearchTree.swift */; };
		2E62C8CD25DE3F5200A9C34C /* 98ValidateBinarySearchTreeTests.swift in Sources */ = {isa = PBXBuildFile; fileRef = 2E62C8CC25DE3F5200A9C34C /* 98ValidateBinarySearchTreeTests.swift */; };
/* End PBXBuildFile section */

/* Begin PBXContainerItemProxy section */
		2E5AD05725C834C000F0D222 /* PBXContainerItemProxy */ = {
			isa = PBXContainerItemProxy;
			containerPortal = 2E5AD03825C834BE00F0D222 /* Project object */;
			proxyType = 1;
			remoteGlobalIDString = 2E5AD03F25C834BE00F0D222;
			remoteInfo = "Algorithm-Swift";
		};
/* End PBXContainerItemProxy section */

/* Begin PBXFileReference section */
		2E52B94625D7E402008EB525 /* 95UniqueBinarySearchTreesII.swift */ = {isa = PBXFileReference; lastKnownFileType = sourcecode.swift; path = 95UniqueBinarySearchTreesII.swift; sourceTree = "<group>"; };
		2E52B94C25D7E416008EB525 /* 95UniqueBinarySearchTreesIITests.swift */ = {isa = PBXFileReference; lastKnownFileType = sourcecode.swift; path = 95UniqueBinarySearchTreesIITests.swift; sourceTree = "<group>"; };
		2E52BDBA25DEA16A008EB525 /* 100SameTree.swift */ = {isa = PBXFileReference; lastKnownFileType = sourcecode.swift; path = 100SameTree.swift; sourceTree = "<group>"; };
		2E52BDBE25DEA17C008EB525 /* 100SameTreeTests.swift */ = {isa = PBXFileReference; lastKnownFileType = sourcecode.swift; path = 100SameTreeTests.swift; sourceTree = "<group>"; };
		2E5AD04025C834BE00F0D222 /* Algorithm-Swift.app */ = {isa = PBXFileReference; explicitFileType = wrapper.application; includeInIndex = 0; path = "Algorithm-Swift.app"; sourceTree = BUILT_PRODUCTS_DIR; };
		2E5AD04325C834BE00F0D222 /* AppDelegate.swift */ = {isa = PBXFileReference; lastKnownFileType = sourcecode.swift; path = AppDelegate.swift; sourceTree = "<group>"; };
		2E5AD04525C834BE00F0D222 /* SceneDelegate.swift */ = {isa = PBXFileReference; lastKnownFileType = sourcecode.swift; path = SceneDelegate.swift; sourceTree = "<group>"; };
		2E5AD04725C834BE00F0D222 /* ViewController.swift */ = {isa = PBXFileReference; lastKnownFileType = sourcecode.swift; path = ViewController.swift; sourceTree = "<group>"; };
		2E5AD04A25C834BE00F0D222 /* Base */ = {isa = PBXFileReference; lastKnownFileType = file.storyboard; name = Base; path = Base.lproj/Main.storyboard; sourceTree = "<group>"; };
		2E5AD04C25C834C000F0D222 /* Assets.xcassets */ = {isa = PBXFileReference; lastKnownFileType = folder.assetcatalog; path = Assets.xcassets; sourceTree = "<group>"; };
		2E5AD04F25C834C000F0D222 /* Base */ = {isa = PBXFileReference; lastKnownFileType = file.storyboard; name = Base; path = Base.lproj/LaunchScreen.storyboard; sourceTree = "<group>"; };
		2E5AD05125C834C000F0D222 /* Info.plist */ = {isa = PBXFileReference; lastKnownFileType = text.plist.xml; path = Info.plist; sourceTree = "<group>"; };
		2E5AD05625C834C000F0D222 /* Algorithm-SwiftTests.xctest */ = {isa = PBXFileReference; explicitFileType = wrapper.cfbundle; includeInIndex = 0; path = "Algorithm-SwiftTests.xctest"; sourceTree = BUILT_PRODUCTS_DIR; };
		2E5AD05C25C834C000F0D222 /* Info.plist */ = {isa = PBXFileReference; lastKnownFileType = text.plist.xml; path = Info.plist; sourceTree = "<group>"; };
		2E5AD08025C8359000F0D222 /* 94BinaryTreeInorderTraversal.swift */ = {isa = PBXFileReference; fileEncoding = 4; lastKnownFileType = sourcecode.swift; path = 94BinaryTreeInorderTraversal.swift; sourceTree = "<group>"; };
		2E5AD08225C8359000F0D222 /* 13RomanToInteger.swift */ = {isa = PBXFileReference; fileEncoding = 4; lastKnownFileType = sourcecode.swift; path = 13RomanToInteger.swift; sourceTree = "<group>"; };
		2E5AD08325C8359000F0D222 /* 19RemoveNthNodeFromEndOfList.swift */ = {isa = PBXFileReference; fileEncoding = 4; lastKnownFileType = sourcecode.swift; path = 19RemoveNthNodeFromEndOfList.swift; sourceTree = "<group>"; };
		2E5AD08425C8359000F0D222 /* 17LetterCombinationsOfPhoneNumber.swift */ = {isa = PBXFileReference; fileEncoding = 4; lastKnownFileType = sourcecode.swift; path = 17LetterCombinationsOfPhoneNumber.swift; sourceTree = "<group>"; };
		2E5AD08525C8359000F0D222 /* 18FourSum.swift */ = {isa = PBXFileReference; fileEncoding = 4; lastKnownFileType = sourcecode.swift; path = 18FourSum.swift; sourceTree = "<group>"; };
		2E5AD08625C8359000F0D222 /* 15ThreeSum.swift */ = {isa = PBXFileReference; fileEncoding = 4; lastKnownFileType = sourcecode.swift; path = 15ThreeSum.swift; sourceTree = "<group>"; };
		2E5AD08725C8359000F0D222 /* 12IntegerToRoman.swift */ = {isa = PBXFileReference; fileEncoding = 4; lastKnownFileType = sourcecode.swift; path = 12IntegerToRoman.swift; sourceTree = "<group>"; };
		2E5AD08825C8359000F0D222 /* 14LongestCommonPrefix.swift */ = {isa = PBXFileReference; fileEncoding = 4; lastKnownFileType = sourcecode.swift; path = 14LongestCommonPrefix.swift; sourceTree = "<group>"; };
		2E5AD08925C8359000F0D222 /* 16ThreeSumClosest.swift */ = {isa = PBXFileReference; fileEncoding = 4; lastKnownFileType = sourcecode.swift; path = 16ThreeSumClosest.swift; sourceTree = "<group>"; };
		2E5AD08A25C8359000F0D222 /* 11ContainerWithMostWater.swift */ = {isa = PBXFileReference; fileEncoding = 4; lastKnownFileType = sourcecode.swift; path = 11ContainerWithMostWater.swift; sourceTree = "<group>"; };
		2E5AD08B25C8359000F0D222 /* 20ValidParentheses.swift */ = {isa = PBXFileReference; fileEncoding = 4; lastKnownFileType = sourcecode.swift; path = 20ValidParentheses.swift; sourceTree = "<group>"; };
		2E5AD08D25C8359000F0D222 /* 30SubstringWithConcatenationOfAllWords.swift */ = {isa = PBXFileReference; fileEncoding = 4; lastKnownFileType = sourcecode.swift; path = 30SubstringWithConcatenationOfAllWords.swift; sourceTree = "<group>"; };
		2E5AD08E25C8359000F0D222 /* 25ReverseNodesInKGroup.swift */ = {isa = PBXFileReference; fileEncoding = 4; lastKnownFileType = sourcecode.swift; path = 25ReverseNodesInKGroup.swift; sourceTree = "<group>"; };
		2E5AD08F25C8359000F0D222 /* 27RemoveElement.swift */ = {isa = PBXFileReference; fileEncoding = 4; lastKnownFileType = sourcecode.swift; path = 27RemoveElement.swift; sourceTree = "<group>"; };
		2E5AD09025C8359000F0D222 /* 22GenerateParentheses.swift */ = {isa = PBXFileReference; fileEncoding = 4; lastKnownFileType = sourcecode.swift; path = 22GenerateParentheses.swift; sourceTree = "<group>"; };
		2E5AD09125C8359000F0D222 /* 28Implement_strStr().swift */ = {isa = PBXFileReference; fileEncoding = 4; lastKnownFileType = sourcecode.swift; path = "28Implement_strStr().swift"; sourceTree = "<group>"; };
		2E5AD09225C8359000F0D222 /* 29DivideTwoIntegers.swift */ = {isa = PBXFileReference; fileEncoding = 4; lastKnownFileType = sourcecode.swift; path = 29DivideTwoIntegers.swift; sourceTree = "<group>"; };
		2E5AD09325C8359000F0D222 /* 21MergeTwoSortedLists.swift */ = {isa = PBXFileReference; fileEncoding = 4; lastKnownFileType = sourcecode.swift; path = 21MergeTwoSortedLists.swift; sourceTree = "<group>"; };
		2E5AD09425C8359000F0D222 /* 23MergeKSortedLists.swift */ = {isa = PBXFileReference; fileEncoding = 4; lastKnownFileType = sourcecode.swift; path = 23MergeKSortedLists.swift; sourceTree = "<group>"; };
		2E5AD09525C8359000F0D222 /* 24SwapNodesInPairs.swift */ = {isa = PBXFileReference; fileEncoding = 4; lastKnownFileType = sourcecode.swift; path = 24SwapNodesInPairs.swift; sourceTree = "<group>"; };
		2E5AD09625C8359000F0D222 /* 26RemoveDuplicatesFromSortedArray.swift */ = {isa = PBXFileReference; fileEncoding = 4; lastKnownFileType = sourcecode.swift; path = 26RemoveDuplicatesFromSortedArray.swift; sourceTree = "<group>"; };
		2E5AD09825C8359000F0D222 /* 31NextPermutation.swift */ = {isa = PBXFileReference; fileEncoding = 4; lastKnownFileType = sourcecode.swift; path = 31NextPermutation.swift; sourceTree = "<group>"; };
		2E5AD09A25C8359000F0D222 /* 3LengthOfLongestSubstring.swift */ = {isa = PBXFileReference; fileEncoding = 4; lastKnownFileType = sourcecode.swift; path = 3LengthOfLongestSubstring.swift; sourceTree = "<group>"; };
		2E5AD09B25C8359000F0D222 /* 6ZigZagConversion.swift */ = {isa = PBXFileReference; fileEncoding = 4; lastKnownFileType = sourcecode.swift; path = 6ZigZagConversion.swift; sourceTree = "<group>"; };
		2E5AD09C25C8359000F0D222 /* 4FindMedianSortedArrays.swift */ = {isa = PBXFileReference; fileEncoding = 4; lastKnownFileType = sourcecode.swift; path = 4FindMedianSortedArrays.swift; sourceTree = "<group>"; };
		2E5AD09D25C8359000F0D222 /* 2AddTwoNumbers.swift */ = {isa = PBXFileReference; fileEncoding = 4; lastKnownFileType = sourcecode.swift; path = 2AddTwoNumbers.swift; sourceTree = "<group>"; };
		2E5AD09E25C8359000F0D222 /* 10RegularExpressionMatching.swift */ = {isa = PBXFileReference; fileEncoding = 4; lastKnownFileType = sourcecode.swift; path = 10RegularExpressionMatching.swift; sourceTree = "<group>"; };
		2E5AD09F25C8359000F0D222 /* 9PalindromeNumber.swift */ = {isa = PBXFileReference; fileEncoding = 4; lastKnownFileType = sourcecode.swift; path = 9PalindromeNumber.swift; sourceTree = "<group>"; };
		2E5AD0A025C8359000F0D222 /* 7ReverseInteger.swift */ = {isa = PBXFileReference; fileEncoding = 4; lastKnownFileType = sourcecode.swift; path = 7ReverseInteger.swift; sourceTree = "<group>"; };
		2E5AD0A125C8359000F0D222 /* 1TwoSum.swift */ = {isa = PBXFileReference; fileEncoding = 4; lastKnownFileType = sourcecode.swift; path = 1TwoSum.swift; sourceTree = "<group>"; };
		2E5AD0A225C8359000F0D222 /* 8StringToInteger(atoi).swift */ = {isa = PBXFileReference; fileEncoding = 4; lastKnownFileType = sourcecode.swift; path = "8StringToInteger(atoi).swift"; sourceTree = "<group>"; };
		2E5AD0A325C8359000F0D222 /* 5LongestPalindrome.swift */ = {isa = PBXFileReference; fileEncoding = 4; lastKnownFileType = sourcecode.swift; path = 5LongestPalindrome.swift; sourceTree = "<group>"; };
		2E5AD0A425C8359000F0D222 /* 237DeleteNodeInALinkedList.swift */ = {isa = PBXFileReference; fileEncoding = 4; lastKnownFileType = sourcecode.swift; path = 237DeleteNodeInALinkedList.swift; sourceTree = "<group>"; };
		2E5AD0A525C8359000F0D222 /* 206ReverseLinkedList.swift */ = {isa = PBXFileReference; fileEncoding = 4; lastKnownFileType = sourcecode.swift; path = 206ReverseLinkedList.swift; sourceTree = "<group>"; };
		2E5AD0CC25C8359900F0D222 /* TreeNode.swift */ = {isa = PBXFileReference; fileEncoding = 4; lastKnownFileType = sourcecode.swift; path = TreeNode.swift; sourceTree = "<group>"; };
		2E5AD0CD25C8359900F0D222 /* Base.swift */ = {isa = PBXFileReference; fileEncoding = 4; lastKnownFileType = sourcecode.swift; path = Base.swift; sourceTree = "<group>"; };
		2E5AD0CE25C8359900F0D222 /* ListNode.swift */ = {isa = PBXFileReference; fileEncoding = 4; lastKnownFileType = sourcecode.swift; path = ListNode.swift; sourceTree = "<group>"; };
		2E5AD0D725C835B700F0D222 /* 9PalindromeNumberTests.swift */ = {isa = PBXFileReference; fileEncoding = 4; lastKnownFileType = sourcecode.swift; path = 9PalindromeNumberTests.swift; sourceTree = "<group>"; };
		2E5AD0D825C835B700F0D222 /* 5LongestPalindromeTests.swift */ = {isa = PBXFileReference; fileEncoding = 4; lastKnownFileType = sourcecode.swift; path = 5LongestPalindromeTests.swift; sourceTree = "<group>"; };
		2E5AD0D925C835B700F0D222 /* 2AddTwoNumbersTests.swift */ = {isa = PBXFileReference; fileEncoding = 4; lastKnownFileType = sourcecode.swift; path = 2AddTwoNumbersTests.swift; sourceTree = "<group>"; };
		2E5AD0DA25C835B700F0D222 /* 8StringToInteger(atoi)Tests.swift */ = {isa = PBXFileReference; fileEncoding = 4; lastKnownFileType = sourcecode.swift; path = "8StringToInteger(atoi)Tests.swift"; sourceTree = "<group>"; };
		2E5AD0DB25C835B700F0D222 /* 6ZigZagConversionTests.swift */ = {isa = PBXFileReference; fileEncoding = 4; lastKnownFileType = sourcecode.swift; path = 6ZigZagConversionTests.swift; sourceTree = "<group>"; };
		2E5AD0DC25C835B700F0D222 /* 3LongestSubstringTests.swift */ = {isa = PBXFileReference; fileEncoding = 4; lastKnownFileType = sourcecode.swift; path = 3LongestSubstringTests.swift; sourceTree = "<group>"; };
		2E5AD0DD25C835B700F0D222 /* 7ReverseIntegerTests.swift */ = {isa = PBXFileReference; fileEncoding = 4; lastKnownFileType = sourcecode.swift; path = 7ReverseIntegerTests.swift; sourceTree = "<group>"; };
		2E5AD0DE25C835B700F0D222 /* 10RegularExpressionMatchingTests.swift */ = {isa = PBXFileReference; fileEncoding = 4; lastKnownFileType = sourcecode.swift; path = 10RegularExpressionMatchingTests.swift; sourceTree = "<group>"; };
		2E5AD0DF25C835B700F0D222 /* 1TwoSumTests.swift */ = {isa = PBXFileReference; fileEncoding = 4; lastKnownFileType = sourcecode.swift; path = 1TwoSumTests.swift; sourceTree = "<group>"; };
		2E5AD0E025C835B700F0D222 /* 4FindMedianSortedArraysTests.swift */ = {isa = PBXFileReference; fileEncoding = 4; lastKnownFileType = sourcecode.swift; path = 4FindMedianSortedArraysTests.swift; sourceTree = "<group>"; };
		2E5AD0E125C835B700F0D222 /* 237DeleteNodeInALinkedListTests.swift */ = {isa = PBXFileReference; fileEncoding = 4; lastKnownFileType = sourcecode.swift; path = 237DeleteNodeInALinkedListTests.swift; sourceTree = "<group>"; };
		2E5AD0E325C835B700F0D222 /* 15ThreeSumTests.swift */ = {isa = PBXFileReference; fileEncoding = 4; lastKnownFileType = sourcecode.swift; path = 15ThreeSumTests.swift; sourceTree = "<group>"; };
		2E5AD0E425C835B700F0D222 /* 18FourSumTests.swift */ = {isa = PBXFileReference; fileEncoding = 4; lastKnownFileType = sourcecode.swift; path = 18FourSumTests.swift; sourceTree = "<group>"; };
		2E5AD0E525C835B700F0D222 /* 17LetterCombinationsOfPhoneNumberTests.swift */ = {isa = PBXFileReference; fileEncoding = 4; lastKnownFileType = sourcecode.swift; path = 17LetterCombinationsOfPhoneNumberTests.swift; sourceTree = "<group>"; };
		2E5AD0E625C835B700F0D222 /* 13RomanToIntegerTests.swift */ = {isa = PBXFileReference; fileEncoding = 4; lastKnownFileType = sourcecode.swift; path = 13RomanToIntegerTests.swift; sourceTree = "<group>"; };
		2E5AD0E725C835B700F0D222 /* 19RemoveNthNodeFromEndOfListTests.swift */ = {isa = PBXFileReference; fileEncoding = 4; lastKnownFileType = sourcecode.swift; path = 19RemoveNthNodeFromEndOfListTests.swift; sourceTree = "<group>"; };
		2E5AD0E825C835B700F0D222 /* 14LongestCommonPrefixTests.swift */ = {isa = PBXFileReference; fileEncoding = 4; lastKnownFileType = sourcecode.swift; path = 14LongestCommonPrefixTests.swift; sourceTree = "<group>"; };
		2E5AD0E925C835B700F0D222 /* 11ContainerWithMostWaterTests.swift */ = {isa = PBXFileReference; fileEncoding = 4; lastKnownFileType = sourcecode.swift; path = 11ContainerWithMostWaterTests.swift; sourceTree = "<group>"; };
		2E5AD0EA25C835B700F0D222 /* 20ValidParenthesesTests.swift */ = {isa = PBXFileReference; fileEncoding = 4; lastKnownFileType = sourcecode.swift; path = 20ValidParenthesesTests.swift; sourceTree = "<group>"; };
		2E5AD0EB25C835B700F0D222 /* 12IntegerToRomanTests.swift */ = {isa = PBXFileReference; fileEncoding = 4; lastKnownFileType = sourcecode.swift; path = 12IntegerToRomanTests.swift; sourceTree = "<group>"; };
		2E5AD0EC25C835B700F0D222 /* 16ThreeSumClosestTests.swift */ = {isa = PBXFileReference; fileEncoding = 4; lastKnownFileType = sourcecode.swift; path = 16ThreeSumClosestTests.swift; sourceTree = "<group>"; };
		2E5AD0ED25C835B700F0D222 /* 206ReverseLinkedListTests.swift */ = {isa = PBXFileReference; fileEncoding = 4; lastKnownFileType = sourcecode.swift; path = 206ReverseLinkedListTests.swift; sourceTree = "<group>"; };
		2E5AD0EF25C835B700F0D222 /* 31NextPermutationTests.swift */ = {isa = PBXFileReference; fileEncoding = 4; lastKnownFileType = sourcecode.swift; path = 31NextPermutationTests.swift; sourceTree = "<group>"; };
		2E5AD0F025C835B700F0D222 /* 94BinaryTreeInorderTraversalTests.swift */ = {isa = PBXFileReference; fileEncoding = 4; lastKnownFileType = sourcecode.swift; path = 94BinaryTreeInorderTraversalTests.swift; sourceTree = "<group>"; };
		2E5AD0F225C835B700F0D222 /* 27RemoveElementTests.swift */ = {isa = PBXFileReference; fileEncoding = 4; lastKnownFileType = sourcecode.swift; path = 27RemoveElementTests.swift; sourceTree = "<group>"; };
		2E5AD0F325C835B700F0D222 /* 26RemoveDuplicatesFromSortedArrayTests.swift */ = {isa = PBXFileReference; fileEncoding = 4; lastKnownFileType = sourcecode.swift; path = 26RemoveDuplicatesFromSortedArrayTests.swift; sourceTree = "<group>"; };
		2E5AD0F425C835B700F0D222 /* 29DivideTwoIntegersTests.swift */ = {isa = PBXFileReference; fileEncoding = 4; lastKnownFileType = sourcecode.swift; path = 29DivideTwoIntegersTests.swift; sourceTree = "<group>"; };
		2E5AD0F525C835B700F0D222 /* 28Implement_strStr()Tests.swift */ = {isa = PBXFileReference; fileEncoding = 4; lastKnownFileType = sourcecode.swift; path = "28Implement_strStr()Tests.swift"; sourceTree = "<group>"; };
		2E5AD0F625C835B700F0D222 /* 24SwapNodesInPairsTests.swift */ = {isa = PBXFileReference; fileEncoding = 4; lastKnownFileType = sourcecode.swift; path = 24SwapNodesInPairsTests.swift; sourceTree = "<group>"; };
		2E5AD0F725C835B700F0D222 /* 22GenerateParenthesesTests.swift */ = {isa = PBXFileReference; fileEncoding = 4; lastKnownFileType = sourcecode.swift; path = 22GenerateParenthesesTests.swift; sourceTree = "<group>"; };
		2E5AD0F825C835B700F0D222 /* 30SubstringWithConcatenationOfAllWordsTests.swift */ = {isa = PBXFileReference; fileEncoding = 4; lastKnownFileType = sourcecode.swift; path = 30SubstringWithConcatenationOfAllWordsTests.swift; sourceTree = "<group>"; };
		2E5AD0F925C835B700F0D222 /* 25ReverseNodesInKGroupTests.swift */ = {isa = PBXFileReference; fileEncoding = 4; lastKnownFileType = sourcecode.swift; path = 25ReverseNodesInKGroupTests.swift; sourceTree = "<group>"; };
		2E5AD0FA25C835B700F0D222 /* 21MergeTwoSortedListsTests.swift */ = {isa = PBXFileReference; fileEncoding = 4; lastKnownFileType = sourcecode.swift; path = 21MergeTwoSortedListsTests.swift; sourceTree = "<group>"; };
		2E5AD0FB25C835B700F0D222 /* 23MergeKSortedListsTests.swift */ = {isa = PBXFileReference; fileEncoding = 4; lastKnownFileType = sourcecode.swift; path = 23MergeKSortedListsTests.swift; sourceTree = "<group>"; };
		2E5AD12F25C9842700F0D222 /* 102BinaryTreeLevelOrderTraversal.swift */ = {isa = PBXFileReference; lastKnownFileType = sourcecode.swift; path = 102BinaryTreeLevelOrderTraversal.swift; sourceTree = "<group>"; };
		2E5AD13325C9843B00F0D222 /* 102BinaryTreeLevelOrderTraversalTests.swift */ = {isa = PBXFileReference; lastKnownFileType = sourcecode.swift; path = 102BinaryTreeLevelOrderTraversalTests.swift; sourceTree = "<group>"; };
		2E5AD13925C9846A00F0D222 /* README.md */ = {isa = PBXFileReference; fileEncoding = 4; lastKnownFileType = net.daringfireball.markdown; path = README.md; sourceTree = SOURCE_ROOT; };
		2E5AD13D25C9994300F0D222 /* 144BinaryTreePreorderTraversal.swift */ = {isa = PBXFileReference; lastKnownFileType = sourcecode.swift; path = 144BinaryTreePreorderTraversal.swift; sourceTree = "<group>"; };
		2E5AD14125C9995700F0D222 /* 144BinaryTreePreorderTraversalTests.swift */ = {isa = PBXFileReference; lastKnownFileType = sourcecode.swift; path = 144BinaryTreePreorderTraversalTests.swift; sourceTree = "<group>"; };
		2E5AD14725C99A8100F0D222 /* 145BinaryTreePostorderTraversal.swift */ = {isa = PBXFileReference; lastKnownFileType = sourcecode.swift; path = 145BinaryTreePostorderTraversal.swift; sourceTree = "<group>"; };
		2E5AD14B25C99A9300F0D222 /* 145BinaryTreePostorderTraversalTests.swift */ = {isa = PBXFileReference; lastKnownFileType = sourcecode.swift; path = 145BinaryTreePostorderTraversalTests.swift; sourceTree = "<group>"; };
		2E5AD1AA25D3A21D00F0D222 /* 34FindFirstAndLastPositionInSortedArray.swift */ = {isa = PBXFileReference; lastKnownFileType = sourcecode.swift; path = 34FindFirstAndLastPositionInSortedArray.swift; sourceTree = "<group>"; };
		2E5AD1B025D3A24A00F0D222 /* 34FindFirstAndLastPositionInSortedArrayTests.swift */ = {isa = PBXFileReference; lastKnownFileType = sourcecode.swift; path = 34FindFirstAndLastPositionInSortedArrayTests.swift; sourceTree = "<group>"; };
		2E5AD1B425D3F66800F0D222 /* 35SearchInsertPosition.swift */ = {isa = PBXFileReference; lastKnownFileType = sourcecode.swift; path = 35SearchInsertPosition.swift; sourceTree = "<group>"; };
		2E5AD1B825D3F67500F0D222 /* 35SearchInsertPositionTests.swift */ = {isa = PBXFileReference; lastKnownFileType = sourcecode.swift; path = 35SearchInsertPositionTests.swift; sourceTree = "<group>"; };
		2E5AD1BC25D4201000F0D222 /* 36ValidSudoku.swift */ = {isa = PBXFileReference; lastKnownFileType = sourcecode.swift; path = 36ValidSudoku.swift; sourceTree = "<group>"; };
		2E5AD1C025D4201D00F0D222 /* 36ValidSudokuTests.swift */ = {isa = PBXFileReference; lastKnownFileType = sourcecode.swift; path = 36ValidSudokuTests.swift; sourceTree = "<group>"; };
		2E5AD1C425D4E68500F0D222 /* 37SudokuSolver.swift */ = {isa = PBXFileReference; lastKnownFileType = sourcecode.swift; path = 37SudokuSolver.swift; sourceTree = "<group>"; };
		2E5AD1C825D4E69000F0D222 /* 37SudokuSolverTests.swift */ = {isa = PBXFileReference; lastKnownFileType = sourcecode.swift; path = 37SudokuSolverTests.swift; sourceTree = "<group>"; };
		2E6145FF25D0D78000A68510 /* 96UniqueBinarySearchTrees.swift */ = {isa = PBXFileReference; lastKnownFileType = sourcecode.swift; path = 96UniqueBinarySearchTrees.swift; sourceTree = "<group>"; };
		2E61460525D0D7AC00A68510 /* 96UniqueBinarySearchTreesTests.swift */ = {isa = PBXFileReference; lastKnownFileType = sourcecode.swift; path = 96UniqueBinarySearchTreesTests.swift; sourceTree = "<group>"; };
		2E61460B25D0F2E500A68510 /* 32LongestValidParentheses.swift */ = {isa = PBXFileReference; lastKnownFileType = sourcecode.swift; path = 32LongestValidParentheses.swift; sourceTree = "<group>"; };
		2E61460F25D0F2F100A68510 /* 32LongestValidParenthesesTests.swift */ = {isa = PBXFileReference; lastKnownFileType = sourcecode.swift; path = 32LongestValidParenthesesTests.swift; sourceTree = "<group>"; };
		2E61DDF125D2757A0068C20D /* 33SearchInRotatedSortedArray.swift */ = {isa = PBXFileReference; lastKnownFileType = sourcecode.swift; path = 33SearchInRotatedSortedArray.swift; sourceTree = "<group>"; };
		2E61DDF525D275870068C20D /* 33SearchInRotatedSortedArrayTests.swift */ = {isa = PBXFileReference; lastKnownFileType = sourcecode.swift; path = 33SearchInRotatedSortedArrayTests.swift; sourceTree = "<group>"; };
		2E62C8C625DE3F3100A9C34C /* 98ValidateBinarySearchTree.swift */ = {isa = PBXFileReference; lastKnownFileType = sourcecode.swift; path = 98ValidateBinarySearchTree.swift; sourceTree = "<group>"; };
		2E62C8CC25DE3F5200A9C34C /* 98ValidateBinarySearchTreeTests.swift */ = {isa = PBXFileReference; lastKnownFileType = sourcecode.swift; path = 98ValidateBinarySearchTreeTests.swift; sourceTree = "<group>"; };
/* End PBXFileReference section */

/* Begin PBXFrameworksBuildPhase section */
		2E5AD03D25C834BE00F0D222 /* Frameworks */ = {
			isa = PBXFrameworksBuildPhase;
			buildActionMask = 2147483647;
			files = (
			);
			runOnlyForDeploymentPostprocessing = 0;
		};
		2E5AD05325C834C000F0D222 /* Frameworks */ = {
			isa = PBXFrameworksBuildPhase;
			buildActionMask = 2147483647;
			files = (
			);
			runOnlyForDeploymentPostprocessing = 0;
		};
/* End PBXFrameworksBuildPhase section */

/* Begin PBXGroup section */
		2E52BDC625DEA1EA008EB525 /* 91~100 */ = {
			isa = PBXGroup;
			children = (
				2E5AD08025C8359000F0D222 /* 94BinaryTreeInorderTraversal.swift */,
				2E52B94625D7E402008EB525 /* 95UniqueBinarySearchTreesII.swift */,
				2E6145FF25D0D78000A68510 /* 96UniqueBinarySearchTrees.swift */,
				2E62C8C625DE3F3100A9C34C /* 98ValidateBinarySearchTree.swift */,
				2E52BDBA25DEA16A008EB525 /* 100SameTree.swift */,
			);
			path = "91~100";
			sourceTree = "<group>";
		};
		2E52BDC725DEA20E008EB525 /* 91~100Tests */ = {
			isa = PBXGroup;
			children = (
				2E5AD0F025C835B700F0D222 /* 94BinaryTreeInorderTraversalTests.swift */,
				2E52B94C25D7E416008EB525 /* 95UniqueBinarySearchTreesIITests.swift */,
				2E61460525D0D7AC00A68510 /* 96UniqueBinarySearchTreesTests.swift */,
				2E62C8CC25DE3F5200A9C34C /* 98ValidateBinarySearchTreeTests.swift */,
				2E52BDBE25DEA17C008EB525 /* 100SameTreeTests.swift */,
			);
			path = "91~100Tests";
			sourceTree = "<group>";
		};
		2E5AD03725C834BE00F0D222 = {
			isa = PBXGroup;
			children = (
				2E5AD04225C834BE00F0D222 /* Algorithm-Swift */,
				2E5AD05925C834C000F0D222 /* Algorithm-SwiftTests */,
				2E5AD04125C834BE00F0D222 /* Products */,
			);
			sourceTree = "<group>";
		};
		2E5AD04125C834BE00F0D222 /* Products */ = {
			isa = PBXGroup;
			children = (
				2E5AD04025C834BE00F0D222 /* Algorithm-Swift.app */,
				2E5AD05625C834C000F0D222 /* Algorithm-SwiftTests.xctest */,
			);
			name = Products;
			sourceTree = "<group>";
		};
		2E5AD04225C834BE00F0D222 /* Algorithm-Swift */ = {
			isa = PBXGroup;
			children = (
				2E5AD13925C9846A00F0D222 /* README.md */,
				2E5AD0CB25C8359900F0D222 /* Base */,
				2E5AD07F25C8359000F0D222 /* LeetCode */,
				2E5AD04325C834BE00F0D222 /* AppDelegate.swift */,
				2E5AD04525C834BE00F0D222 /* SceneDelegate.swift */,
				2E5AD04725C834BE00F0D222 /* ViewController.swift */,
				2E5AD04925C834BE00F0D222 /* Main.storyboard */,
				2E5AD04C25C834C000F0D222 /* Assets.xcassets */,
				2E5AD04E25C834C000F0D222 /* LaunchScreen.storyboard */,
				2E5AD05125C834C000F0D222 /* Info.plist */,
			);
			path = "Algorithm-Swift";
			sourceTree = "<group>";
		};
		2E5AD05925C834C000F0D222 /* Algorithm-SwiftTests */ = {
			isa = PBXGroup;
			children = (
				2E5AD0D525C835B700F0D222 /* LeetCodeTests */,
				2E5AD05C25C834C000F0D222 /* Info.plist */,
			);
			path = "Algorithm-SwiftTests";
			sourceTree = "<group>";
		};
		2E5AD07F25C8359000F0D222 /* LeetCode */ = {
			isa = PBXGroup;
			children = (
				2E5AD09925C8359000F0D222 /* 1~10 */,
				2E5AD08125C8359000F0D222 /* 11~20 */,
				2E5AD08C25C8359000F0D222 /* 21~30 */,
				2E5AD09725C8359000F0D222 /* 31~40 */,
				2E52BDC625DEA1EA008EB525 /* 91~100 */,
				2E5AD12F25C9842700F0D222 /* 102BinaryTreeLevelOrderTraversal.swift */,
				2E5AD13D25C9994300F0D222 /* 144BinaryTreePreorderTraversal.swift */,
				2E5AD14725C99A8100F0D222 /* 145BinaryTreePostorderTraversal.swift */,
				2E5AD0A525C8359000F0D222 /* 206ReverseLinkedList.swift */,
				2E5AD0A425C8359000F0D222 /* 237DeleteNodeInALinkedList.swift */,
			);
			path = LeetCode;
			sourceTree = "<group>";
		};
		2E5AD08125C8359000F0D222 /* 11~20 */ = {
			isa = PBXGroup;
			children = (
				2E5AD08A25C8359000F0D222 /* 11ContainerWithMostWater.swift */,
				2E5AD08725C8359000F0D222 /* 12IntegerToRoman.swift */,
				2E5AD08225C8359000F0D222 /* 13RomanToInteger.swift */,
				2E5AD08825C8359000F0D222 /* 14LongestCommonPrefix.swift */,
				2E5AD08625C8359000F0D222 /* 15ThreeSum.swift */,
				2E5AD08925C8359000F0D222 /* 16ThreeSumClosest.swift */,
				2E5AD08425C8359000F0D222 /* 17LetterCombinationsOfPhoneNumber.swift */,
				2E5AD08525C8359000F0D222 /* 18FourSum.swift */,
				2E5AD08325C8359000F0D222 /* 19RemoveNthNodeFromEndOfList.swift */,
				2E5AD08B25C8359000F0D222 /* 20ValidParentheses.swift */,
			);
			path = "11~20";
			sourceTree = "<group>";
		};
		2E5AD08C25C8359000F0D222 /* 21~30 */ = {
			isa = PBXGroup;
			children = (
				2E5AD09325C8359000F0D222 /* 21MergeTwoSortedLists.swift */,
				2E5AD09025C8359000F0D222 /* 22GenerateParentheses.swift */,
				2E5AD09425C8359000F0D222 /* 23MergeKSortedLists.swift */,
				2E5AD09525C8359000F0D222 /* 24SwapNodesInPairs.swift */,
				2E5AD08E25C8359000F0D222 /* 25ReverseNodesInKGroup.swift */,
				2E5AD09625C8359000F0D222 /* 26RemoveDuplicatesFromSortedArray.swift */,
				2E5AD08F25C8359000F0D222 /* 27RemoveElement.swift */,
				2E5AD09125C8359000F0D222 /* 28Implement_strStr().swift */,
				2E5AD09225C8359000F0D222 /* 29DivideTwoIntegers.swift */,
				2E5AD08D25C8359000F0D222 /* 30SubstringWithConcatenationOfAllWords.swift */,
			);
			path = "21~30";
			sourceTree = "<group>";
		};
		2E5AD09725C8359000F0D222 /* 31~40 */ = {
			isa = PBXGroup;
			children = (
				2E5AD09825C8359000F0D222 /* 31NextPermutation.swift */,
				2E61460B25D0F2E500A68510 /* 32LongestValidParentheses.swift */,
				2E61DDF125D2757A0068C20D /* 33SearchInRotatedSortedArray.swift */,
				2E5AD1AA25D3A21D00F0D222 /* 34FindFirstAndLastPositionInSortedArray.swift */,
				2E5AD1B425D3F66800F0D222 /* 35SearchInsertPosition.swift */,
				2E5AD1BC25D4201000F0D222 /* 36ValidSudoku.swift */,
				2E5AD1C425D4E68500F0D222 /* 37SudokuSolver.swift */,
			);
			path = "31~40";
			sourceTree = "<group>";
		};
		2E5AD09925C8359000F0D222 /* 1~10 */ = {
			isa = PBXGroup;
			children = (
				2E5AD0A125C8359000F0D222 /* 1TwoSum.swift */,
				2E5AD09D25C8359000F0D222 /* 2AddTwoNumbers.swift */,
				2E5AD09A25C8359000F0D222 /* 3LengthOfLongestSubstring.swift */,
				2E5AD09C25C8359000F0D222 /* 4FindMedianSortedArrays.swift */,
				2E5AD0A325C8359000F0D222 /* 5LongestPalindrome.swift */,
				2E5AD09B25C8359000F0D222 /* 6ZigZagConversion.swift */,
				2E5AD0A025C8359000F0D222 /* 7ReverseInteger.swift */,
				2E5AD0A225C8359000F0D222 /* 8StringToInteger(atoi).swift */,
				2E5AD09F25C8359000F0D222 /* 9PalindromeNumber.swift */,
				2E5AD09E25C8359000F0D222 /* 10RegularExpressionMatching.swift */,
			);
			path = "1~10";
			sourceTree = "<group>";
		};
		2E5AD0CB25C8359900F0D222 /* Base */ = {
			isa = PBXGroup;
			children = (
				2E5AD0CD25C8359900F0D222 /* Base.swift */,
				2E5AD0CE25C8359900F0D222 /* ListNode.swift */,
				2E5AD0CC25C8359900F0D222 /* TreeNode.swift */,
			);
			path = Base;
			sourceTree = "<group>";
		};
		2E5AD0D525C835B700F0D222 /* LeetCodeTests */ = {
			isa = PBXGroup;
			children = (
				2E5AD0D625C835B700F0D222 /* 1~10Tests */,
				2E5AD0E225C835B700F0D222 /* 11~20Tests */,
				2E5AD0F125C835B700F0D222 /* 21~30Tests */,
				2E5AD0EE25C835B700F0D222 /* 31~40Tests */,
				2E52BDC725DEA20E008EB525 /* 91~100Tests */,
				2E5AD13325C9843B00F0D222 /* 102BinaryTreeLevelOrderTraversalTests.swift */,
				2E5AD14125C9995700F0D222 /* 144BinaryTreePreorderTraversalTests.swift */,
				2E5AD14B25C99A9300F0D222 /* 145BinaryTreePostorderTraversalTests.swift */,
				2E5AD0ED25C835B700F0D222 /* 206ReverseLinkedListTests.swift */,
				2E5AD0E125C835B700F0D222 /* 237DeleteNodeInALinkedListTests.swift */,
			);
			path = LeetCodeTests;
			sourceTree = "<group>";
		};
		2E5AD0D625C835B700F0D222 /* 1~10Tests */ = {
			isa = PBXGroup;
			children = (
				2E5AD0DF25C835B700F0D222 /* 1TwoSumTests.swift */,
				2E5AD0D925C835B700F0D222 /* 2AddTwoNumbersTests.swift */,
				2E5AD0DC25C835B700F0D222 /* 3LongestSubstringTests.swift */,
				2E5AD0E025C835B700F0D222 /* 4FindMedianSortedArraysTests.swift */,
				2E5AD0D825C835B700F0D222 /* 5LongestPalindromeTests.swift */,
				2E5AD0DB25C835B700F0D222 /* 6ZigZagConversionTests.swift */,
				2E5AD0DD25C835B700F0D222 /* 7ReverseIntegerTests.swift */,
				2E5AD0DA25C835B700F0D222 /* 8StringToInteger(atoi)Tests.swift */,
				2E5AD0D725C835B700F0D222 /* 9PalindromeNumberTests.swift */,
				2E5AD0DE25C835B700F0D222 /* 10RegularExpressionMatchingTests.swift */,
			);
			path = "1~10Tests";
			sourceTree = "<group>";
		};
		2E5AD0E225C835B700F0D222 /* 11~20Tests */ = {
			isa = PBXGroup;
			children = (
				2E5AD0E925C835B700F0D222 /* 11ContainerWithMostWaterTests.swift */,
				2E5AD0EB25C835B700F0D222 /* 12IntegerToRomanTests.swift */,
				2E5AD0E625C835B700F0D222 /* 13RomanToIntegerTests.swift */,
				2E5AD0E825C835B700F0D222 /* 14LongestCommonPrefixTests.swift */,
				2E5AD0E325C835B700F0D222 /* 15ThreeSumTests.swift */,
				2E5AD0EC25C835B700F0D222 /* 16ThreeSumClosestTests.swift */,
				2E5AD0E525C835B700F0D222 /* 17LetterCombinationsOfPhoneNumberTests.swift */,
				2E5AD0E425C835B700F0D222 /* 18FourSumTests.swift */,
				2E5AD0E725C835B700F0D222 /* 19RemoveNthNodeFromEndOfListTests.swift */,
				2E5AD0EA25C835B700F0D222 /* 20ValidParenthesesTests.swift */,
			);
			path = "11~20Tests";
			sourceTree = "<group>";
		};
		2E5AD0EE25C835B700F0D222 /* 31~40Tests */ = {
			isa = PBXGroup;
			children = (
				2E5AD0EF25C835B700F0D222 /* 31NextPermutationTests.swift */,
				2E61460F25D0F2F100A68510 /* 32LongestValidParenthesesTests.swift */,
				2E61DDF525D275870068C20D /* 33SearchInRotatedSortedArrayTests.swift */,
				2E5AD1B025D3A24A00F0D222 /* 34FindFirstAndLastPositionInSortedArrayTests.swift */,
				2E5AD1B825D3F67500F0D222 /* 35SearchInsertPositionTests.swift */,
				2E5AD1C025D4201D00F0D222 /* 36ValidSudokuTests.swift */,
				2E5AD1C825D4E69000F0D222 /* 37SudokuSolverTests.swift */,
			);
			path = "31~40Tests";
			sourceTree = "<group>";
		};
		2E5AD0F125C835B700F0D222 /* 21~30Tests */ = {
			isa = PBXGroup;
			children = (
				2E5AD0FA25C835B700F0D222 /* 21MergeTwoSortedListsTests.swift */,
				2E5AD0F725C835B700F0D222 /* 22GenerateParenthesesTests.swift */,
				2E5AD0FB25C835B700F0D222 /* 23MergeKSortedListsTests.swift */,
				2E5AD0F625C835B700F0D222 /* 24SwapNodesInPairsTests.swift */,
				2E5AD0F925C835B700F0D222 /* 25ReverseNodesInKGroupTests.swift */,
				2E5AD0F325C835B700F0D222 /* 26RemoveDuplicatesFromSortedArrayTests.swift */,
				2E5AD0F225C835B700F0D222 /* 27RemoveElementTests.swift */,
				2E5AD0F525C835B700F0D222 /* 28Implement_strStr()Tests.swift */,
				2E5AD0F425C835B700F0D222 /* 29DivideTwoIntegersTests.swift */,
				2E5AD0F825C835B700F0D222 /* 30SubstringWithConcatenationOfAllWordsTests.swift */,
			);
			path = "21~30Tests";
			sourceTree = "<group>";
		};
/* End PBXGroup section */

/* Begin PBXNativeTarget section */
		2E5AD03F25C834BE00F0D222 /* Algorithm-Swift */ = {
			isa = PBXNativeTarget;
			buildConfigurationList = 2E5AD06A25C834C000F0D222 /* Build configuration list for PBXNativeTarget "Algorithm-Swift" */;
			buildPhases = (
				2E5AD03C25C834BE00F0D222 /* Sources */,
				2E5AD03D25C834BE00F0D222 /* Frameworks */,
				2E5AD03E25C834BE00F0D222 /* Resources */,
			);
			buildRules = (
			);
			dependencies = (
			);
			name = "Algorithm-Swift";
			productName = "Algorithm-Swift";
			productReference = 2E5AD04025C834BE00F0D222 /* Algorithm-Swift.app */;
			productType = "com.apple.product-type.application";
		};
		2E5AD05525C834C000F0D222 /* Algorithm-SwiftTests */ = {
			isa = PBXNativeTarget;
			buildConfigurationList = 2E5AD06D25C834C000F0D222 /* Build configuration list for PBXNativeTarget "Algorithm-SwiftTests" */;
			buildPhases = (
				2E5AD05225C834C000F0D222 /* Sources */,
				2E5AD05325C834C000F0D222 /* Frameworks */,
				2E5AD05425C834C000F0D222 /* Resources */,
			);
			buildRules = (
			);
			dependencies = (
				2E5AD05825C834C000F0D222 /* PBXTargetDependency */,
			);
			name = "Algorithm-SwiftTests";
			productName = "Algorithm-SwiftTests";
			productReference = 2E5AD05625C834C000F0D222 /* Algorithm-SwiftTests.xctest */;
			productType = "com.apple.product-type.bundle.unit-test";
		};
/* End PBXNativeTarget section */

/* Begin PBXProject section */
		2E5AD03825C834BE00F0D222 /* Project object */ = {
			isa = PBXProject;
			attributes = {
				LastSwiftUpdateCheck = 1220;
				LastUpgradeCheck = 1220;
				TargetAttributes = {
					2E5AD03F25C834BE00F0D222 = {
						CreatedOnToolsVersion = 12.2;
					};
					2E5AD05525C834C000F0D222 = {
						CreatedOnToolsVersion = 12.2;
						TestTargetID = 2E5AD03F25C834BE00F0D222;
					};
				};
			};
			buildConfigurationList = 2E5AD03B25C834BE00F0D222 /* Build configuration list for PBXProject "Algorithm-Swift" */;
			compatibilityVersion = "Xcode 9.3";
			developmentRegion = en;
			hasScannedForEncodings = 0;
			knownRegions = (
				en,
				Base,
			);
			mainGroup = 2E5AD03725C834BE00F0D222;
			productRefGroup = 2E5AD04125C834BE00F0D222 /* Products */;
			projectDirPath = "";
			projectRoot = "";
			targets = (
				2E5AD03F25C834BE00F0D222 /* Algorithm-Swift */,
				2E5AD05525C834C000F0D222 /* Algorithm-SwiftTests */,
			);
		};
/* End PBXProject section */

/* Begin PBXResourcesBuildPhase section */
		2E5AD03E25C834BE00F0D222 /* Resources */ = {
			isa = PBXResourcesBuildPhase;
			buildActionMask = 2147483647;
			files = (
				2E5AD05025C834C000F0D222 /* LaunchScreen.storyboard in Resources */,
				2E5AD04D25C834C000F0D222 /* Assets.xcassets in Resources */,
				2E5AD13A25C9846A00F0D222 /* README.md in Resources */,
				2E5AD04B25C834BF00F0D222 /* Main.storyboard in Resources */,
			);
			runOnlyForDeploymentPostprocessing = 0;
		};
		2E5AD05425C834C000F0D222 /* Resources */ = {
			isa = PBXResourcesBuildPhase;
			buildActionMask = 2147483647;
			files = (
			);
			runOnlyForDeploymentPostprocessing = 0;
		};
/* End PBXResourcesBuildPhase section */

/* Begin PBXSourcesBuildPhase section */
		2E5AD03C25C834BE00F0D222 /* Sources */ = {
			isa = PBXSourcesBuildPhase;
			buildActionMask = 2147483647;
			files = (
				2E5AD0A725C8359000F0D222 /* 13RomanToInteger.swift in Sources */,
				2E5AD0B025C8359000F0D222 /* 20ValidParentheses.swift in Sources */,
				2E5AD0B225C8359000F0D222 /* 25ReverseNodesInKGroup.swift in Sources */,
				2E5AD0A825C8359000F0D222 /* 19RemoveNthNodeFromEndOfList.swift in Sources */,
				2E5AD0C025C8359000F0D222 /* 10RegularExpressionMatching.swift in Sources */,
				2E5AD0B825C8359000F0D222 /* 23MergeKSortedLists.swift in Sources */,
				2E52B94725D7E402008EB525 /* 95UniqueBinarySearchTreesII.swift in Sources */,
				2E5AD0AC25C8359000F0D222 /* 12IntegerToRoman.swift in Sources */,
				2E5AD1C525D4E68500F0D222 /* 37SudokuSolver.swift in Sources */,
				2E5AD0BE25C8359000F0D222 /* 4FindMedianSortedArrays.swift in Sources */,
				2E5AD0BF25C8359000F0D222 /* 2AddTwoNumbers.swift in Sources */,
				2E5AD04825C834BE00F0D222 /* ViewController.swift in Sources */,
				2E5AD0B125C8359000F0D222 /* 30SubstringWithConcatenationOfAllWords.swift in Sources */,
				2E5AD0D125C8359900F0D222 /* ListNode.swift in Sources */,
				2E61460C25D0F2E500A68510 /* 32LongestValidParentheses.swift in Sources */,
				2E5AD13E25C9994300F0D222 /* 144BinaryTreePreorderTraversal.swift in Sources */,
				2E5AD0AD25C8359000F0D222 /* 14LongestCommonPrefix.swift in Sources */,
				2E5AD1B525D3F66800F0D222 /* 35SearchInsertPosition.swift in Sources */,
				2E62C8C725DE3F3100A9C34C /* 98ValidateBinarySearchTree.swift in Sources */,
				2E61DDF225D2757A0068C20D /* 33SearchInRotatedSortedArray.swift in Sources */,
				2E5AD0BD25C8359000F0D222 /* 6ZigZagConversion.swift in Sources */,
				2E5AD14825C99A8100F0D222 /* 145BinaryTreePostorderTraversal.swift in Sources */,
				2E5AD1BD25D4201000F0D222 /* 36ValidSudoku.swift in Sources */,
				2E5AD0C325C8359000F0D222 /* 1TwoSum.swift in Sources */,
				2E5AD1AB25D3A21D00F0D222 /* 34FindFirstAndLastPositionInSortedArray.swift in Sources */,
				2E5AD0C625C8359000F0D222 /* 237DeleteNodeInALinkedList.swift in Sources */,
				2E5AD0CF25C8359900F0D222 /* TreeNode.swift in Sources */,
				2E5AD0AB25C8359000F0D222 /* 15ThreeSum.swift in Sources */,
				2E5AD0C425C8359000F0D222 /* 8StringToInteger(atoi).swift in Sources */,
				2E5AD0D025C8359900F0D222 /* Base.swift in Sources */,
				2E61460025D0D78000A68510 /* 96UniqueBinarySearchTrees.swift in Sources */,
				2E5AD0A925C8359000F0D222 /* 17LetterCombinationsOfPhoneNumber.swift in Sources */,
				2E5AD0AA25C8359000F0D222 /* 18FourSum.swift in Sources */,
				2E5AD04425C834BE00F0D222 /* AppDelegate.swift in Sources */,
				2E5AD0C225C8359000F0D222 /* 7ReverseInteger.swift in Sources */,
				2E5AD0B525C8359000F0D222 /* 28Implement_strStr().swift in Sources */,
				2E5AD0A625C8359000F0D222 /* 94BinaryTreeInorderTraversal.swift in Sources */,
				2E5AD0B725C8359000F0D222 /* 21MergeTwoSortedLists.swift in Sources */,
				2E5AD04625C834BE00F0D222 /* SceneDelegate.swift in Sources */,
				2E5AD0C525C8359000F0D222 /* 5LongestPalindrome.swift in Sources */,
				2E5AD13025C9842700F0D222 /* 102BinaryTreeLevelOrderTraversal.swift in Sources */,
				2E5AD0B925C8359000F0D222 /* 24SwapNodesInPairs.swift in Sources */,
				2E5AD0C125C8359000F0D222 /* 9PalindromeNumber.swift in Sources */,
				2E52BDBB25DEA16A008EB525 /* 100SameTree.swift in Sources */,
				2E5AD0BA25C8359000F0D222 /* 26RemoveDuplicatesFromSortedArray.swift in Sources */,
				2E5AD0B625C8359000F0D222 /* 29DivideTwoIntegers.swift in Sources */,
				2E5AD0C725C8359000F0D222 /* 206ReverseLinkedList.swift in Sources */,
				2E5AD0B325C8359000F0D222 /* 27RemoveElement.swift in Sources */,
				2E5AD0B425C8359000F0D222 /* 22GenerateParentheses.swift in Sources */,
				2E5AD0AE25C8359000F0D222 /* 16ThreeSumClosest.swift in Sources */,
				2E5AD0AF25C8359000F0D222 /* 11ContainerWithMostWater.swift in Sources */,
				2E5AD0BB25C8359000F0D222 /* 31NextPermutation.swift in Sources */,
				2E5AD0BC25C8359000F0D222 /* 3LengthOfLongestSubstring.swift in Sources */,
			);
			runOnlyForDeploymentPostprocessing = 0;
		};
		2E5AD05225C834C000F0D222 /* Sources */ = {
			isa = PBXSourcesBuildPhase;
			buildActionMask = 2147483647;
			files = (
				2E5AD14C25C99A9300F0D222 /* 145BinaryTreePostorderTraversalTests.swift in Sources */,
				2E62C8CD25DE3F5200A9C34C /* 98ValidateBinarySearchTreeTests.swift in Sources */,
				2E5AD1B925D3F67500F0D222 /* 35SearchInsertPositionTests.swift in Sources */,
				2E5AD10025C835B700F0D222 /* 6ZigZagConversionTests.swift in Sources */,
				2E5AD11025C835B700F0D222 /* 16ThreeSumClosestTests.swift in Sources */,
				2E61461025D0F2F100A68510 /* 32LongestValidParenthesesTests.swift in Sources */,
				2E5AD13425C9843B00F0D222 /* 102BinaryTreeLevelOrderTraversalTests.swift in Sources */,
				2E5AD10E25C835B700F0D222 /* 20ValidParenthesesTests.swift in Sources */,
				2E5AD1B125D3A24A00F0D222 /* 34FindFirstAndLastPositionInSortedArrayTests.swift in Sources */,
				2E5AD14225C9995700F0D222 /* 144BinaryTreePreorderTraversalTests.swift in Sources */,
				2E5AD11C25C835B700F0D222 /* 21MergeTwoSortedListsTests.swift in Sources */,
				2E5AD11D25C835B700F0D222 /* 23MergeKSortedListsTests.swift in Sources */,
				2E5AD10825C835B700F0D222 /* 18FourSumTests.swift in Sources */,
				2E5AD11925C835B700F0D222 /* 22GenerateParenthesesTests.swift in Sources */,
				2E5AD11725C835B700F0D222 /* 28Implement_strStr()Tests.swift in Sources */,
				2E52B94D25D7E416008EB525 /* 95UniqueBinarySearchTreesIITests.swift in Sources */,
				2E5AD10225C835B700F0D222 /* 7ReverseIntegerTests.swift in Sources */,
				2E5AD10725C835B700F0D222 /* 15ThreeSumTests.swift in Sources */,
				2E5AD10925C835B700F0D222 /* 17LetterCombinationsOfPhoneNumberTests.swift in Sources */,
				2E5AD10325C835B700F0D222 /* 10RegularExpressionMatchingTests.swift in Sources */,
				2E5AD11225C835B700F0D222 /* 31NextPermutationTests.swift in Sources */,
				2E5AD10D25C835B700F0D222 /* 11ContainerWithMostWaterTests.swift in Sources */,
				2E5AD0FC25C835B700F0D222 /* 9PalindromeNumberTests.swift in Sources */,
				2E5AD11425C835B700F0D222 /* 27RemoveElementTests.swift in Sources */,
				2E5AD11B25C835B700F0D222 /* 25ReverseNodesInKGroupTests.swift in Sources */,
				2E5AD1C925D4E69000F0D222 /* 37SudokuSolverTests.swift in Sources */,
				2E5AD11525C835B700F0D222 /* 26RemoveDuplicatesFromSortedArrayTests.swift in Sources */,
				2E5AD10C25C835B700F0D222 /* 14LongestCommonPrefixTests.swift in Sources */,
				2E61460625D0D7AC00A68510 /* 96UniqueBinarySearchTreesTests.swift in Sources */,
				2E5AD0FE25C835B700F0D222 /* 2AddTwoNumbersTests.swift in Sources */,
				2E5AD1C125D4201D00F0D222 /* 36ValidSudokuTests.swift in Sources */,
				2E5AD0FD25C835B700F0D222 /* 5LongestPalindromeTests.swift in Sources */,
				2E5AD10B25C835B700F0D222 /* 19RemoveNthNodeFromEndOfListTests.swift in Sources */,
				2E5AD10525C835B700F0D222 /* 4FindMedianSortedArraysTests.swift in Sources */,
				2E5AD10A25C835B700F0D222 /* 13RomanToIntegerTests.swift in Sources */,
				2E5AD10125C835B700F0D222 /* 3LongestSubstringTests.swift in Sources */,
				2E5AD10625C835B700F0D222 /* 237DeleteNodeInALinkedListTests.swift in Sources */,
				2E5AD10425C835B700F0D222 /* 1TwoSumTests.swift in Sources */,
				2E5AD11825C835B700F0D222 /* 24SwapNodesInPairsTests.swift in Sources */,
				2E5AD10F25C835B700F0D222 /* 12IntegerToRomanTests.swift in Sources */,
				2E5AD11125C835B700F0D222 /* 206ReverseLinkedListTests.swift in Sources */,
				2E61DDF625D275870068C20D /* 33SearchInRotatedSortedArrayTests.swift in Sources */,
				2E5AD11A25C835B700F0D222 /* 30SubstringWithConcatenationOfAllWordsTests.swift in Sources */,
				2E5AD11325C835B700F0D222 /* 94BinaryTreeInorderTraversalTests.swift in Sources */,
				2E5AD11625C835B700F0D222 /* 29DivideTwoIntegersTests.swift in Sources */,
				2E52BDBF25DEA17C008EB525 /* 100SameTreeTests.swift in Sources */,
				2E5AD0FF25C835B700F0D222 /* 8StringToInteger(atoi)Tests.swift in Sources */,
			);
			runOnlyForDeploymentPostprocessing = 0;
		};
/* End PBXSourcesBuildPhase section */

/* Begin PBXTargetDependency section */
		2E5AD05825C834C000F0D222 /* PBXTargetDependency */ = {
			isa = PBXTargetDependency;
			target = 2E5AD03F25C834BE00F0D222 /* Algorithm-Swift */;
			targetProxy = 2E5AD05725C834C000F0D222 /* PBXContainerItemProxy */;
		};
/* End PBXTargetDependency section */

/* Begin PBXVariantGroup section */
		2E5AD04925C834BE00F0D222 /* Main.storyboard */ = {
			isa = PBXVariantGroup;
			children = (
				2E5AD04A25C834BE00F0D222 /* Base */,
			);
			name = Main.storyboard;
			sourceTree = "<group>";
		};
		2E5AD04E25C834C000F0D222 /* LaunchScreen.storyboard */ = {
			isa = PBXVariantGroup;
			children = (
				2E5AD04F25C834C000F0D222 /* Base */,
			);
			name = LaunchScreen.storyboard;
			sourceTree = "<group>";
		};
/* End PBXVariantGroup section */

/* Begin XCBuildConfiguration section */
		2E5AD06825C834C000F0D222 /* Debug */ = {
			isa = XCBuildConfiguration;
			buildSettings = {
				ALWAYS_SEARCH_USER_PATHS = NO;
				CLANG_ANALYZER_NONNULL = YES;
				CLANG_ANALYZER_NUMBER_OBJECT_CONVERSION = YES_AGGRESSIVE;
				CLANG_CXX_LANGUAGE_STANDARD = "gnu++14";
				CLANG_CXX_LIBRARY = "libc++";
				CLANG_ENABLE_MODULES = YES;
				CLANG_ENABLE_OBJC_ARC = YES;
				CLANG_ENABLE_OBJC_WEAK = YES;
				CLANG_WARN_BLOCK_CAPTURE_AUTORELEASING = YES;
				CLANG_WARN_BOOL_CONVERSION = YES;
				CLANG_WARN_COMMA = YES;
				CLANG_WARN_CONSTANT_CONVERSION = YES;
				CLANG_WARN_DEPRECATED_OBJC_IMPLEMENTATIONS = YES;
				CLANG_WARN_DIRECT_OBJC_ISA_USAGE = YES_ERROR;
				CLANG_WARN_DOCUMENTATION_COMMENTS = YES;
				CLANG_WARN_EMPTY_BODY = YES;
				CLANG_WARN_ENUM_CONVERSION = YES;
				CLANG_WARN_INFINITE_RECURSION = YES;
				CLANG_WARN_INT_CONVERSION = YES;
				CLANG_WARN_NON_LITERAL_NULL_CONVERSION = YES;
				CLANG_WARN_OBJC_IMPLICIT_RETAIN_SELF = YES;
				CLANG_WARN_OBJC_LITERAL_CONVERSION = YES;
				CLANG_WARN_OBJC_ROOT_CLASS = YES_ERROR;
				CLANG_WARN_QUOTED_INCLUDE_IN_FRAMEWORK_HEADER = YES;
				CLANG_WARN_RANGE_LOOP_ANALYSIS = YES;
				CLANG_WARN_STRICT_PROTOTYPES = YES;
				CLANG_WARN_SUSPICIOUS_MOVE = YES;
				CLANG_WARN_UNGUARDED_AVAILABILITY = YES_AGGRESSIVE;
				CLANG_WARN_UNREACHABLE_CODE = YES;
				CLANG_WARN__DUPLICATE_METHOD_MATCH = YES;
				COPY_PHASE_STRIP = NO;
				DEBUG_INFORMATION_FORMAT = dwarf;
				ENABLE_STRICT_OBJC_MSGSEND = YES;
				ENABLE_TESTABILITY = YES;
				GCC_C_LANGUAGE_STANDARD = gnu11;
				GCC_DYNAMIC_NO_PIC = NO;
				GCC_NO_COMMON_BLOCKS = YES;
				GCC_OPTIMIZATION_LEVEL = 0;
				GCC_PREPROCESSOR_DEFINITIONS = (
					"DEBUG=1",
					"$(inherited)",
				);
				GCC_WARN_64_TO_32_BIT_CONVERSION = YES;
				GCC_WARN_ABOUT_RETURN_TYPE = YES_ERROR;
				GCC_WARN_UNDECLARED_SELECTOR = YES;
				GCC_WARN_UNINITIALIZED_AUTOS = YES_AGGRESSIVE;
				GCC_WARN_UNUSED_FUNCTION = YES;
				GCC_WARN_UNUSED_VARIABLE = YES;
				IPHONEOS_DEPLOYMENT_TARGET = 14.2;
				MTL_ENABLE_DEBUG_INFO = INCLUDE_SOURCE;
				MTL_FAST_MATH = YES;
				ONLY_ACTIVE_ARCH = YES;
				SDKROOT = iphoneos;
				SWIFT_ACTIVE_COMPILATION_CONDITIONS = DEBUG;
				SWIFT_OPTIMIZATION_LEVEL = "-Onone";
			};
			name = Debug;
		};
		2E5AD06925C834C000F0D222 /* Release */ = {
			isa = XCBuildConfiguration;
			buildSettings = {
				ALWAYS_SEARCH_USER_PATHS = NO;
				CLANG_ANALYZER_NONNULL = YES;
				CLANG_ANALYZER_NUMBER_OBJECT_CONVERSION = YES_AGGRESSIVE;
				CLANG_CXX_LANGUAGE_STANDARD = "gnu++14";
				CLANG_CXX_LIBRARY = "libc++";
				CLANG_ENABLE_MODULES = YES;
				CLANG_ENABLE_OBJC_ARC = YES;
				CLANG_ENABLE_OBJC_WEAK = YES;
				CLANG_WARN_BLOCK_CAPTURE_AUTORELEASING = YES;
				CLANG_WARN_BOOL_CONVERSION = YES;
				CLANG_WARN_COMMA = YES;
				CLANG_WARN_CONSTANT_CONVERSION = YES;
				CLANG_WARN_DEPRECATED_OBJC_IMPLEMENTATIONS = YES;
				CLANG_WARN_DIRECT_OBJC_ISA_USAGE = YES_ERROR;
				CLANG_WARN_DOCUMENTATION_COMMENTS = YES;
				CLANG_WARN_EMPTY_BODY = YES;
				CLANG_WARN_ENUM_CONVERSION = YES;
				CLANG_WARN_INFINITE_RECURSION = YES;
				CLANG_WARN_INT_CONVERSION = YES;
				CLANG_WARN_NON_LITERAL_NULL_CONVERSION = YES;
				CLANG_WARN_OBJC_IMPLICIT_RETAIN_SELF = YES;
				CLANG_WARN_OBJC_LITERAL_CONVERSION = YES;
				CLANG_WARN_OBJC_ROOT_CLASS = YES_ERROR;
				CLANG_WARN_QUOTED_INCLUDE_IN_FRAMEWORK_HEADER = YES;
				CLANG_WARN_RANGE_LOOP_ANALYSIS = YES;
				CLANG_WARN_STRICT_PROTOTYPES = YES;
				CLANG_WARN_SUSPICIOUS_MOVE = YES;
				CLANG_WARN_UNGUARDED_AVAILABILITY = YES_AGGRESSIVE;
				CLANG_WARN_UNREACHABLE_CODE = YES;
				CLANG_WARN__DUPLICATE_METHOD_MATCH = YES;
				COPY_PHASE_STRIP = NO;
				DEBUG_INFORMATION_FORMAT = "dwarf-with-dsym";
				ENABLE_NS_ASSERTIONS = NO;
				ENABLE_STRICT_OBJC_MSGSEND = YES;
				GCC_C_LANGUAGE_STANDARD = gnu11;
				GCC_NO_COMMON_BLOCKS = YES;
				GCC_WARN_64_TO_32_BIT_CONVERSION = YES;
				GCC_WARN_ABOUT_RETURN_TYPE = YES_ERROR;
				GCC_WARN_UNDECLARED_SELECTOR = YES;
				GCC_WARN_UNINITIALIZED_AUTOS = YES_AGGRESSIVE;
				GCC_WARN_UNUSED_FUNCTION = YES;
				GCC_WARN_UNUSED_VARIABLE = YES;
				IPHONEOS_DEPLOYMENT_TARGET = 14.2;
				MTL_ENABLE_DEBUG_INFO = NO;
				MTL_FAST_MATH = YES;
				SDKROOT = iphoneos;
				SWIFT_COMPILATION_MODE = wholemodule;
				SWIFT_OPTIMIZATION_LEVEL = "-O";
				VALIDATE_PRODUCT = YES;
			};
			name = Release;
		};
		2E5AD06B25C834C000F0D222 /* Debug */ = {
			isa = XCBuildConfiguration;
			buildSettings = {
				ASSETCATALOG_COMPILER_APPICON_NAME = AppIcon;
				ASSETCATALOG_COMPILER_GLOBAL_ACCENT_COLOR_NAME = AccentColor;
				CODE_SIGN_STYLE = Automatic;
				DEVELOPMENT_TEAM = 97NU232GB7;
				INFOPLIST_FILE = "Algorithm-Swift/Info.plist";
				LD_RUNPATH_SEARCH_PATHS = (
					"$(inherited)",
					"@executable_path/Frameworks",
				);
				PRODUCT_BUNDLE_IDENTIFIER = "com.vhuichen.Algorithm-Swift";
				PRODUCT_NAME = "$(TARGET_NAME)";
				SWIFT_VERSION = 5.0;
				TARGETED_DEVICE_FAMILY = "1,2";
			};
			name = Debug;
		};
		2E5AD06C25C834C000F0D222 /* Release */ = {
			isa = XCBuildConfiguration;
			buildSettings = {
				ASSETCATALOG_COMPILER_APPICON_NAME = AppIcon;
				ASSETCATALOG_COMPILER_GLOBAL_ACCENT_COLOR_NAME = AccentColor;
				CODE_SIGN_STYLE = Automatic;
				DEVELOPMENT_TEAM = 97NU232GB7;
				INFOPLIST_FILE = "Algorithm-Swift/Info.plist";
				LD_RUNPATH_SEARCH_PATHS = (
					"$(inherited)",
					"@executable_path/Frameworks",
				);
				PRODUCT_BUNDLE_IDENTIFIER = "com.vhuichen.Algorithm-Swift";
				PRODUCT_NAME = "$(TARGET_NAME)";
				SWIFT_VERSION = 5.0;
				TARGETED_DEVICE_FAMILY = "1,2";
			};
			name = Release;
		};
		2E5AD06E25C834C000F0D222 /* Debug */ = {
			isa = XCBuildConfiguration;
			buildSettings = {
				ALWAYS_EMBED_SWIFT_STANDARD_LIBRARIES = YES;
				BUNDLE_LOADER = "$(TEST_HOST)";
				CODE_SIGN_STYLE = Automatic;
				DEVELOPMENT_TEAM = 97NU232GB7;
				INFOPLIST_FILE = "Algorithm-SwiftTests/Info.plist";
				IPHONEOS_DEPLOYMENT_TARGET = 14.2;
				LD_RUNPATH_SEARCH_PATHS = (
					"$(inherited)",
					"@executable_path/Frameworks",
					"@loader_path/Frameworks",
				);
				PRODUCT_BUNDLE_IDENTIFIER = "com.vhuichen.Algorithm-SwiftTests";
				PRODUCT_NAME = "$(TARGET_NAME)";
				SWIFT_VERSION = 5.0;
				TARGETED_DEVICE_FAMILY = "1,2";
				TEST_HOST = "$(BUILT_PRODUCTS_DIR)/Algorithm-Swift.app/Algorithm-Swift";
			};
			name = Debug;
		};
		2E5AD06F25C834C000F0D222 /* Release */ = {
			isa = XCBuildConfiguration;
			buildSettings = {
				ALWAYS_EMBED_SWIFT_STANDARD_LIBRARIES = YES;
				BUNDLE_LOADER = "$(TEST_HOST)";
				CODE_SIGN_STYLE = Automatic;
				DEVELOPMENT_TEAM = 97NU232GB7;
				INFOPLIST_FILE = "Algorithm-SwiftTests/Info.plist";
				IPHONEOS_DEPLOYMENT_TARGET = 14.2;
				LD_RUNPATH_SEARCH_PATHS = (
					"$(inherited)",
					"@executable_path/Frameworks",
					"@loader_path/Frameworks",
				);
				PRODUCT_BUNDLE_IDENTIFIER = "com.vhuichen.Algorithm-SwiftTests";
				PRODUCT_NAME = "$(TARGET_NAME)";
				SWIFT_VERSION = 5.0;
				TARGETED_DEVICE_FAMILY = "1,2";
				TEST_HOST = "$(BUILT_PRODUCTS_DIR)/Algorithm-Swift.app/Algorithm-Swift";
			};
			name = Release;
		};
/* End XCBuildConfiguration section */

/* Begin XCConfigurationList section */
		2E5AD03B25C834BE00F0D222 /* Build configuration list for PBXProject "Algorithm-Swift" */ = {
			isa = XCConfigurationList;
			buildConfigurations = (
				2E5AD06825C834C000F0D222 /* Debug */,
				2E5AD06925C834C000F0D222 /* Release */,
			);
			defaultConfigurationIsVisible = 0;
			defaultConfigurationName = Release;
		};
		2E5AD06A25C834C000F0D222 /* Build configuration list for PBXNativeTarget "Algorithm-Swift" */ = {
			isa = XCConfigurationList;
			buildConfigurations = (
				2E5AD06B25C834C000F0D222 /* Debug */,
				2E5AD06C25C834C000F0D222 /* Release */,
			);
			defaultConfigurationIsVisible = 0;
			defaultConfigurationName = Release;
		};
		2E5AD06D25C834C000F0D222 /* Build configuration list for PBXNativeTarget "Algorithm-SwiftTests" */ = {
			isa = XCConfigurationList;
			buildConfigurations = (
				2E5AD06E25C834C000F0D222 /* Debug */,
				2E5AD06F25C834C000F0D222 /* Release */,
			);
			defaultConfigurationIsVisible = 0;
			defaultConfigurationName = Release;
		};
/* End XCConfigurationList section */
	};
	rootObject = 2E5AD03825C834BE00F0D222 /* Project object */;
}
